
Microsoft Visual Studio Solution File, Format Version 12.00
# Visual Studio Version 17
VisualStudioVersion = 17.10.35013.160
MinimumVisualStudioVersion = 10.0.40219.1
Project("{FAE04EC0-301F-11D3-BF4B-00C04F79EFBC}") = "DigitSumSorter", "DigitSumSorter\DigitSumSorter.csproj", "{EC603EA9-3282-4E45-880A-2E74FAEF6F85}"
EndProject
Global
	GlobalSection(SolutionConfigurationPlatforms) = preSolution
		Debug|Any CPU = Debug|Any CPU
		Release|Any CPU = Release|Any CPU
	EndGlobalSection
	GlobalSection(ProjectConfigurationPlatforms) = postSolution
		{EC603EA9-3282-4E45-880A-2E74FAEF6F85}.Debug|Any CPU.ActiveCfg = Debug|Any CPU
		{EC603EA9-3282-4E45-880A-2E74FAEF6F85}.Debug|Any CPU.Build.0 = Debug|Any CPU
		{EC603EA9-3282-4E45-880A-2E74FAEF6F85}.Release|Any CPU.ActiveCfg = Release|Any CPU
		{EC603EA9-3282-4E45-880A-2E74FAEF6F85}.Release|Any CPU.Build.0 = Release|Any CPU
	EndGlobalSection
	GlobalSection(SolutionProperties) = preSolution
		HideSolutionNode = FALSE
	EndGlobalSection
	GlobalSection(ExtensibilityGlobals) = postSolution
		SolutionGuid = {EA35A4DC-906F-493C-B9DC-57A630E0704B}
	EndGlobalSection
EndGlobal
